
Microsoft Visual Studio Solution File, Format Version 12.00
# Visual Studio 2012
Project("{FAE04EC0-301F-11D3-BF4B-00C04F79EFBC}") = "PackageSample", "PackageSample\PackageSample.csproj", "{88C62CDB-5A9E-474B-8DFB-198E56F1C48D}"
EndProject
Project("{FAE04EC0-301F-11D3-BF4B-00C04F79EFBC}") = "SampleWeb", "SampleWeb\SampleWeb.csproj", "{67EC4F6B-E728-42E8-BBAF-1B018F196439}"
EndProject
Project("{FAE04EC0-301F-11D3-BF4B-00C04F79EFBC}") = "ContactsSample", "ContactsSample\ContactsSample.csproj", "{667A3C1D-8D33-4ED5-82DB-96F60773410E}"
EndProject
Project("{FAE04EC0-301F-11D3-BF4B-00C04F79EFBC}") = "ContactsEf", "ContactsEf\ContactsEf.csproj", "{6E070787-2ED9-40BC-894C-E5FB8D3E3F51}"
EndProject
Project("{FAE04EC0-301F-11D3-BF4B-00C04F79EFBC}") = "TransformSample", "TransformSample\TransformSample.csproj", "{FBDBACE6-FE99-4D57-9A5C-855C76AFBFF1}"
EndProject
Global
	GlobalSection(SolutionConfigurationPlatforms) = preSolution
		Debug|Any CPU = Debug|Any CPU
		Release|Any CPU = Release|Any CPU
	EndGlobalSection
	GlobalSection(ProjectConfigurationPlatforms) = postSolution
		{88C62CDB-5A9E-474B-8DFB-198E56F1C48D}.Debug|Any CPU.ActiveCfg = Debug|Any CPU
		{88C62CDB-5A9E-474B-8DFB-198E56F1C48D}.Debug|Any CPU.Build.0 = Debug|Any CPU
		{88C62CDB-5A9E-474B-8DFB-198E56F1C48D}.Release|Any CPU.ActiveCfg = Release|Any CPU
		{88C62CDB-5A9E-474B-8DFB-198E56F1C48D}.Release|Any CPU.Build.0 = Release|Any CPU
		{67EC4F6B-E728-42E8-BBAF-1B018F196439}.Debug|Any CPU.ActiveCfg = Debug|Any CPU
		{67EC4F6B-E728-42E8-BBAF-1B018F196439}.Debug|Any CPU.Build.0 = Debug|Any CPU
		{67EC4F6B-E728-42E8-BBAF-1B018F196439}.Release|Any CPU.ActiveCfg = Release|Any CPU
		{67EC4F6B-E728-42E8-BBAF-1B018F196439}.Release|Any CPU.Build.0 = Release|Any CPU
		{667A3C1D-8D33-4ED5-82DB-96F60773410E}.Debug|Any CPU.ActiveCfg = Debug|Any CPU
		{667A3C1D-8D33-4ED5-82DB-96F60773410E}.Debug|Any CPU.Build.0 = Debug|Any CPU
		{667A3C1D-8D33-4ED5-82DB-96F60773410E}.Release|Any CPU.ActiveCfg = Release|Any CPU
		{667A3C1D-8D33-4ED5-82DB-96F60773410E}.Release|Any CPU.Build.0 = Release|Any CPU
		{6E070787-2ED9-40BC-894C-E5FB8D3E3F51}.Debug|Any CPU.ActiveCfg = Debug|Any CPU
		{6E070787-2ED9-40BC-894C-E5FB8D3E3F51}.Debug|Any CPU.Build.0 = Debug|Any CPU
		{6E070787-2ED9-40BC-894C-E5FB8D3E3F51}.Release|Any CPU.ActiveCfg = Release|Any CPU
		{6E070787-2ED9-40BC-894C-E5FB8D3E3F51}.Release|Any CPU.Build.0 = Release|Any CPU
		{FBDBACE6-FE99-4D57-9A5C-855C76AFBFF1}.Debug|Any CPU.ActiveCfg = Debug|Any CPU
		{FBDBACE6-FE99-4D57-9A5C-855C76AFBFF1}.Debug|Any CPU.Build.0 = Debug|Any CPU
		{FBDBACE6-FE99-4D57-9A5C-855C76AFBFF1}.Release|Any CPU.ActiveCfg = Release|Any CPU
		{FBDBACE6-FE99-4D57-9A5C-855C76AFBFF1}.Release|Any CPU.Build.0 = Release|Any CPU
	EndGlobalSection
	GlobalSection(SolutionProperties) = preSolution
		HideSolutionNode = FALSE
	EndGlobalSection
EndGlobal
